{
  "name": "@bootloader/context",
  "version": "0.0.3",
  "lockfileVersion": 2,
  "requires": true,
  "packages": {
    "": {
      "name": "@bootloader/context",
      "version": "0.0.3",
      "license": "ISC",
      "dependencies": {
        "@bootloader/utils": "^1.0.14"
      }
    },
    "node_modules/@bootloader/context": {
      "version": "0.0.2",
      "resolved": "https://registry.npmjs.org/@bootloader/context/-/context-0.0.2.tgz",
      "integrity": "sha512-J0wU/qDJdjJPSjbTvEe1eeNHb8Gm6UjsCCnQ89GxNJjhkCIfl5CuprkOsqtc3w/r2faR22QUdPcmc4t7frirrA==",
      "peer": true,
      "dependencies": {
        "@bootloader/utils": "^1.0.14"
      }
    },
    "node_modules/@bootloader/utils": {
      "version": "1.0.14",
      "resolved": "https://registry.npmjs.org/@bootloader/utils/-/utils-1.0.14.tgz",
      "integrity": "sha512-STaovyFBhUqe2gcnhlui7uAleYa3u6bPLyg7OuahpR/RrCY0ZwDbDF1eprCTJJ0RhfuIVqLKPMrjBd7ul+VJSw==",
      "peerDependencies": {
        "@bootloader/context": "^0.0.2"
      }
    }
  },
  "dependencies": {
    "@bootloader/context": {
      "version": "0.0.2",
      "resolved": "https://registry.npmjs.org/@bootloader/context/-/context-0.0.2.tgz",
      "integrity": "sha512-J0wU/qDJdjJPSjbTvEe1eeNHb8Gm6UjsCCnQ89GxNJjhkCIfl5CuprkOsqtc3w/r2faR22QUdPcmc4t7frirrA==",
      "peer": true,
      "requires": {
        "@bootloader/utils": "^1.0.14"
      }
    },
    "@bootloader/utils": {
      "version": "1.0.14",
      "resolved": "https://registry.npmjs.org/@bootloader/utils/-/utils-1.0.14.tgz",
      "integrity": "sha512-STaovyFBhUqe2gcnhlui7uAleYa3u6bPLyg7OuahpR/RrCY0ZwDbDF1eprCTJJ0RhfuIVqLKPMrjBd7ul+VJSw==",
      "requires": {}
    }
  }
}
